
Microsoft Visual Studio Solution File, Format Version 12.00
Project("{2150E333-8FDC-42A3-9474-1A3956D46DE8}") = "Tests", "Tests", "{D69FDF88-CF86-4B9D-8CF3-307E9FC1C91D}"
EndProject
Project("{FAE04EC0-301F-11D3-BF4B-00C04F79EFBC}") = "SFA.DAS.Apim.Developer.Api", "SFA.DAS.Apim.Developer.Api\SFA.DAS.Apim.Developer.Api.csproj", "{4BFAFA0C-06BE-453F-9044-84CFF625A2C6}"
EndProject
Project("{FAE04EC0-301F-11D3-BF4B-00C04F79EFBC}") = "SFA.DAS.Apim.Developer.Infrastructure", "SFA.DAS.Apim.Developer.Infrastructure\SFA.DAS.Apim.Developer.Infrastructure.csproj", "{CAC7C7D0-4044-40CA-A105-1D6A9416AABE}"
EndProject
Project("{FAE04EC0-301F-11D3-BF4B-00C04F79EFBC}") = "SFA.DAS.Apim.Developer.Domain", "SFA.DAS.Apim.Developer.Domain\SFA.DAS.Apim.Developer.Domain.csproj", "{848B7160-D85E-4FC5-93A9-382388C54A07}"
EndProject
Project("{FAE04EC0-301F-11D3-BF4B-00C04F79EFBC}") = "SFA.DAS.Apim.Developer.Infrastructure.UnitTests", "SFA.DAS.Apim.Developer.Infrastructure.UnitTests\SFA.DAS.Apim.Developer.Infrastructure.UnitTests.csproj", "{BF957187-983A-45DF-863C-0FCFB19E76FD}"
EndProject
Project("{FAE04EC0-301F-11D3-BF4B-00C04F79EFBC}") = "SFA.DAS.Apim.Developer.Application", "SFA.DAS.Apim.Developer.Application\SFA.DAS.Apim.Developer.Application.csproj", "{5807BEBA-AE53-4284-9CC6-32FEF2CB8F41}"
EndProject
Global
	GlobalSection(SolutionConfigurationPlatforms) = preSolution
		Debug|Any CPU = Debug|Any CPU
		Release|Any CPU = Release|Any CPU
	EndGlobalSection
	GlobalSection(ProjectConfigurationPlatforms) = postSolution
		{4BFAFA0C-06BE-453F-9044-84CFF625A2C6}.Debug|Any CPU.ActiveCfg = Debug|Any CPU
		{4BFAFA0C-06BE-453F-9044-84CFF625A2C6}.Debug|Any CPU.Build.0 = Debug|Any CPU
		{4BFAFA0C-06BE-453F-9044-84CFF625A2C6}.Release|Any CPU.ActiveCfg = Release|Any CPU
		{4BFAFA0C-06BE-453F-9044-84CFF625A2C6}.Release|Any CPU.Build.0 = Release|Any CPU
		{CAC7C7D0-4044-40CA-A105-1D6A9416AABE}.Debug|Any CPU.ActiveCfg = Debug|Any CPU
		{CAC7C7D0-4044-40CA-A105-1D6A9416AABE}.Debug|Any CPU.Build.0 = Debug|Any CPU
		{CAC7C7D0-4044-40CA-A105-1D6A9416AABE}.Release|Any CPU.ActiveCfg = Release|Any CPU
		{CAC7C7D0-4044-40CA-A105-1D6A9416AABE}.Release|Any CPU.Build.0 = Release|Any CPU
		{848B7160-D85E-4FC5-93A9-382388C54A07}.Debug|Any CPU.ActiveCfg = Debug|Any CPU
		{848B7160-D85E-4FC5-93A9-382388C54A07}.Debug|Any CPU.Build.0 = Debug|Any CPU
		{848B7160-D85E-4FC5-93A9-382388C54A07}.Release|Any CPU.ActiveCfg = Release|Any CPU
		{848B7160-D85E-4FC5-93A9-382388C54A07}.Release|Any CPU.Build.0 = Release|Any CPU
		{BF957187-983A-45DF-863C-0FCFB19E76FD}.Debug|Any CPU.ActiveCfg = Debug|Any CPU
		{BF957187-983A-45DF-863C-0FCFB19E76FD}.Debug|Any CPU.Build.0 = Debug|Any CPU
		{BF957187-983A-45DF-863C-0FCFB19E76FD}.Release|Any CPU.ActiveCfg = Release|Any CPU
		{BF957187-983A-45DF-863C-0FCFB19E76FD}.Release|Any CPU.Build.0 = Release|Any CPU
		{5807BEBA-AE53-4284-9CC6-32FEF2CB8F41}.Debug|Any CPU.ActiveCfg = Debug|Any CPU
		{5807BEBA-AE53-4284-9CC6-32FEF2CB8F41}.Debug|Any CPU.Build.0 = Debug|Any CPU
		{5807BEBA-AE53-4284-9CC6-32FEF2CB8F41}.Release|Any CPU.ActiveCfg = Release|Any CPU
		{5807BEBA-AE53-4284-9CC6-32FEF2CB8F41}.Release|Any CPU.Build.0 = Release|Any CPU
	EndGlobalSection
	GlobalSection(NestedProjects) = preSolution
		{BF957187-983A-45DF-863C-0FCFB19E76FD} = {D69FDF88-CF86-4B9D-8CF3-307E9FC1C91D}
	EndGlobalSection
EndGlobal
